
Microsoft Visual Studio Solution File, Format Version 12.00
Project("{FAE04EC0-301F-11D3-BF4B-00C04F79EFBC}") = "All", "WindowsFormsApp1\WindowsFormsApp1.csproj", "{C1692E69-CB59-4371-9781-2340EC50C34D}"
EndProject
Global
	GlobalSection(SolutionConfigurationPlatforms) = preSolution
		Debug|Any CPU = Debug|Any CPU
		Release|Any CPU = Release|Any CPU
	EndGlobalSection
	GlobalSection(ProjectConfigurationPlatforms) = postSolution
		{C1692E69-CB59-4371-9781-2340EC50C34D}.Debug|Any CPU.ActiveCfg = Debug|Any CPU
		{C1692E69-CB59-4371-9781-2340EC50C34D}.Debug|Any CPU.Build.0 = Debug|Any CPU
		{C1692E69-CB59-4371-9781-2340EC50C34D}.Release|Any CPU.ActiveCfg = Release|Any CPU
		{C1692E69-CB59-4371-9781-2340EC50C34D}.Release|Any CPU.Build.0 = Release|Any CPU
	EndGlobalSection
EndGlobal
